
Microsoft Visual Studio Solution File, Format Version 12.00
# Visual Studio Version 16
VisualStudioVersion = 16.0.28729.10
MinimumVisualStudioVersion = 10.0.40219.1
Project("{FAE04EC0-301F-11D3-BF4B-00C04F79EFBC}") = "BlobStoreEXE", "BlobStoreEXE\BlobStoreEXE.csproj", "{4EB27196-AFF0-48FD-B7B6-945F0D800C95}"
EndProject
Global
	GlobalSection(SolutionConfigurationPlatforms) = preSolution
		Debug|Any CPU = Debug|Any CPU
		Release|Any CPU = Release|Any CPU
	EndGlobalSection
	GlobalSection(ProjectConfigurationPlatforms) = postSolution
		{4EB27196-AFF0-48FD-B7B6-945F0D800C95}.Debug|Any CPU.ActiveCfg = Debug|Any CPU
		{4EB27196-AFF0-48FD-B7B6-945F0D800C95}.Debug|Any CPU.Build.0 = Debug|Any CPU
		{4EB27196-AFF0-48FD-B7B6-945F0D800C95}.Release|Any CPU.ActiveCfg = Release|Any CPU
		{4EB27196-AFF0-48FD-B7B6-945F0D800C95}.Release|Any CPU.Build.0 = Release|Any CPU
	EndGlobalSection
	GlobalSection(SolutionProperties) = preSolution
		HideSolutionNode = FALSE
	EndGlobalSection
	GlobalSection(ExtensibilityGlobals) = postSolution
		SolutionGuid = {ECF8C88A-D164-4674-80A8-5DBA93CAA051}
	EndGlobalSection
EndGlobal
